
Microsoft Visual Studio Solution File, Format Version 12.00
# Visual Studio Version 17
VisualStudioVersion = 17.3.32811.315
MinimumVisualStudioVersion = 10.0.40219.1
Project("{FAE04EC0-301F-11D3-BF4B-00C04F79EFBC}") = "pET", "pET\pET.csproj", "{20947C4C-CF2A-461D-B481-1EF40BA05A98}"
EndProject
Global
	GlobalSection(SolutionConfigurationPlatforms) = preSolution
		Debug|Any CPU = Debug|Any CPU
		Release|Any CPU = Release|Any CPU
	EndGlobalSection
	GlobalSection(ProjectConfigurationPlatforms) = postSolution
		{20947C4C-CF2A-461D-B481-1EF40BA05A98}.Debug|Any CPU.ActiveCfg = Debug|Any CPU
		{20947C4C-CF2A-461D-B481-1EF40BA05A98}.Debug|Any CPU.Build.0 = Debug|Any CPU
		{20947C4C-CF2A-461D-B481-1EF40BA05A98}.Release|Any CPU.ActiveCfg = Release|Any CPU
		{20947C4C-CF2A-461D-B481-1EF40BA05A98}.Release|Any CPU.Build.0 = Release|Any CPU
	EndGlobalSection
	GlobalSection(SolutionProperties) = preSolution
		HideSolutionNode = FALSE
	EndGlobalSection
	GlobalSection(ExtensibilityGlobals) = postSolution
		SolutionGuid = {4112CC91-EB72-4F5F-B7A3-EF6201309CC2}
	EndGlobalSection
EndGlobal
